
Microsoft Visual Studio Solution File, Format Version 12.00
# Visual Studio Version 16
VisualStudioVersion = 16.0.31424.327
MinimumVisualStudioVersion = 10.0.40219.1
Project("{2150E333-8FDC-42A3-9474-1A3956D46DE8}") = "1-Servico", "1-Servico", "{65886365-4CFE-45E3-BEBA-59C1C213D406}"
EndProject
Project("{2150E333-8FDC-42A3-9474-1A3956D46DE8}") = "2-Aplicacao", "2-Aplicacao", "{CE3FA713-FA63-43A3-8200-1D69981A13E0}"
EndProject
Project("{2150E333-8FDC-42A3-9474-1A3956D46DE8}") = "4-Infra", "4-Infra", "{E2C3669A-D8D6-41F8-B97A-A4D07685222C}"
EndProject
Project("{2150E333-8FDC-42A3-9474-1A3956D46DE8}") = "3-Dominio", "3-Dominio", "{E12FDFBA-62D2-46F4-AB2E-DDC325C7840D}"
EndProject
Project("{FAE04EC0-301F-11D3-BF4B-00C04F79EFBC}") = "PROJUR.API", "..\PROJUR.API\PROJUR.API.csproj", "{77C29411-D8B5-4C21-AAE9-CCAA16BCC19F}"
EndProject
Project("{FAE04EC0-301F-11D3-BF4B-00C04F79EFBC}") = "PROJUR.Aplicacao", "..\PROJUR.Aplicacao\PROJUR.Aplicacao.csproj", "{6C0A637D-8E0C-4F97-8336-F2E8D589D07E}"
EndProject
Project("{FAE04EC0-301F-11D3-BF4B-00C04F79EFBC}") = "PROJUR.Dominio", "..\PROJUR.Dominio\PROJUR.Dominio.csproj", "{10CE46BC-C617-4324-ABB3-B03BECC273CA}"
EndProject
Project("{FAE04EC0-301F-11D3-BF4B-00C04F79EFBC}") = "PROJUR.Dominio.Core", "..\PROJUR.Core\PROJUR.Dominio.Core.csproj", "{6A23C718-6912-4266-9307-0279E1550F83}"
EndProject
Project("{FAE04EC0-301F-11D3-BF4B-00C04F79EFBC}") = "PROJUR.Dominio.Servico", "..\PROJUR.Dominio.Servico\PROJUR.Dominio.Servico.csproj", "{E2020748-BF6E-4B1A-B213-4D6C10693FFA}"
EndProject
Project("{FAE04EC0-301F-11D3-BF4B-00C04F79EFBC}") = "PROJUR.Infra", "..\PROJUR.Infra\PROJUR.Infra.csproj", "{D186E92B-72F0-4C95-B527-DDEC4B989398}"
EndProject
Global
	GlobalSection(SolutionConfigurationPlatforms) = preSolution
		Debug|Any CPU = Debug|Any CPU
		Release|Any CPU = Release|Any CPU
	EndGlobalSection
	GlobalSection(ProjectConfigurationPlatforms) = postSolution
		{77C29411-D8B5-4C21-AAE9-CCAA16BCC19F}.Debug|Any CPU.ActiveCfg = Debug|Any CPU
		{77C29411-D8B5-4C21-AAE9-CCAA16BCC19F}.Debug|Any CPU.Build.0 = Debug|Any CPU
		{77C29411-D8B5-4C21-AAE9-CCAA16BCC19F}.Release|Any CPU.ActiveCfg = Release|Any CPU
		{77C29411-D8B5-4C21-AAE9-CCAA16BCC19F}.Release|Any CPU.Build.0 = Release|Any CPU
		{6C0A637D-8E0C-4F97-8336-F2E8D589D07E}.Debug|Any CPU.ActiveCfg = Debug|Any CPU
		{6C0A637D-8E0C-4F97-8336-F2E8D589D07E}.Debug|Any CPU.Build.0 = Debug|Any CPU
		{6C0A637D-8E0C-4F97-8336-F2E8D589D07E}.Release|Any CPU.ActiveCfg = Release|Any CPU
		{6C0A637D-8E0C-4F97-8336-F2E8D589D07E}.Release|Any CPU.Build.0 = Release|Any CPU
		{10CE46BC-C617-4324-ABB3-B03BECC273CA}.Debug|Any CPU.ActiveCfg = Debug|Any CPU
		{10CE46BC-C617-4324-ABB3-B03BECC273CA}.Debug|Any CPU.Build.0 = Debug|Any CPU
		{10CE46BC-C617-4324-ABB3-B03BECC273CA}.Release|Any CPU.ActiveCfg = Release|Any CPU
		{10CE46BC-C617-4324-ABB3-B03BECC273CA}.Release|Any CPU.Build.0 = Release|Any CPU
		{6A23C718-6912-4266-9307-0279E1550F83}.Debug|Any CPU.ActiveCfg = Debug|Any CPU
		{6A23C718-6912-4266-9307-0279E1550F83}.Debug|Any CPU.Build.0 = Debug|Any CPU
		{6A23C718-6912-4266-9307-0279E1550F83}.Release|Any CPU.ActiveCfg = Release|Any CPU
		{6A23C718-6912-4266-9307-0279E1550F83}.Release|Any CPU.Build.0 = Release|Any CPU
		{E2020748-BF6E-4B1A-B213-4D6C10693FFA}.Debug|Any CPU.ActiveCfg = Debug|Any CPU
		{E2020748-BF6E-4B1A-B213-4D6C10693FFA}.Debug|Any CPU.Build.0 = Debug|Any CPU
		{E2020748-BF6E-4B1A-B213-4D6C10693FFA}.Release|Any CPU.ActiveCfg = Release|Any CPU
		{E2020748-BF6E-4B1A-B213-4D6C10693FFA}.Release|Any CPU.Build.0 = Release|Any CPU
		{D186E92B-72F0-4C95-B527-DDEC4B989398}.Debug|Any CPU.ActiveCfg = Debug|Any CPU
		{D186E92B-72F0-4C95-B527-DDEC4B989398}.Debug|Any CPU.Build.0 = Debug|Any CPU
		{D186E92B-72F0-4C95-B527-DDEC4B989398}.Release|Any CPU.ActiveCfg = Release|Any CPU
		{D186E92B-72F0-4C95-B527-DDEC4B989398}.Release|Any CPU.Build.0 = Release|Any CPU
	EndGlobalSection
	GlobalSection(SolutionProperties) = preSolution
		HideSolutionNode = FALSE
	EndGlobalSection
	GlobalSection(NestedProjects) = preSolution
		{77C29411-D8B5-4C21-AAE9-CCAA16BCC19F} = {65886365-4CFE-45E3-BEBA-59C1C213D406}
		{6C0A637D-8E0C-4F97-8336-F2E8D589D07E} = {CE3FA713-FA63-43A3-8200-1D69981A13E0}
		{10CE46BC-C617-4324-ABB3-B03BECC273CA} = {E12FDFBA-62D2-46F4-AB2E-DDC325C7840D}
		{6A23C718-6912-4266-9307-0279E1550F83} = {E12FDFBA-62D2-46F4-AB2E-DDC325C7840D}
		{E2020748-BF6E-4B1A-B213-4D6C10693FFA} = {E12FDFBA-62D2-46F4-AB2E-DDC325C7840D}
		{D186E92B-72F0-4C95-B527-DDEC4B989398} = {E2C3669A-D8D6-41F8-B97A-A4D07685222C}
	EndGlobalSection
	GlobalSection(ExtensibilityGlobals) = postSolution
		SolutionGuid = {9E18D4C1-3FA1-4F17-A5EC-31967673E975}
	EndGlobalSection
EndGlobal
